# This file is automatically @generated by Cargo.
# It is not intended for manual editing.
version = 4

[[package]]
name = "antex"
version = "0.0.8"
source = "registry+https://github.com/rust-lang/crates.io-index"
checksum = "57faad97edd36653b69c9cdab776883a3dd9051720572dc9f7cf6de550008d37"

[[package]]
name = "mein"
version = "0.0.10"
dependencies = [
 "antex",
]
